
Microsoft Visual Studio Solution File, Format Version 12.00
# Visual Studio 15
VisualStudioVersion = 15.0.27130.2036
MinimumVisualStudioVersion = 10.0.40219.1
Project("{FAE04EC0-301F-11D3-BF4B-00C04F79EFBC}") = "AestheticGallery", "AestheticGallery\AestheticGallery.csproj", "{5CD86FAF-E3F9-46A4-8B89-449153E82BBD}"
EndProject
Project("{FAE04EC0-301F-11D3-BF4B-00C04F79EFBC}") = "AestheticGallery.Tests", "AestheticGallery.Tests\AestheticGallery.Tests.csproj", "{2D772779-DEE1-4271-969E-2C8CE3256393}"
EndProject
Global
	GlobalSection(SolutionConfigurationPlatforms) = preSolution
		Debug|Any CPU = Debug|Any CPU
		Release|Any CPU = Release|Any CPU
	EndGlobalSection
	GlobalSection(ProjectConfigurationPlatforms) = postSolution
		{5CD86FAF-E3F9-46A4-8B89-449153E82BBD}.Debug|Any CPU.ActiveCfg = Debug|Any CPU
		{5CD86FAF-E3F9-46A4-8B89-449153E82BBD}.Debug|Any CPU.Build.0 = Debug|Any CPU
		{5CD86FAF-E3F9-46A4-8B89-449153E82BBD}.Release|Any CPU.ActiveCfg = Release|Any CPU
		{5CD86FAF-E3F9-46A4-8B89-449153E82BBD}.Release|Any CPU.Build.0 = Release|Any CPU
		{2D772779-DEE1-4271-969E-2C8CE3256393}.Debug|Any CPU.ActiveCfg = Debug|Any CPU
		{2D772779-DEE1-4271-969E-2C8CE3256393}.Debug|Any CPU.Build.0 = Debug|Any CPU
		{2D772779-DEE1-4271-969E-2C8CE3256393}.Release|Any CPU.ActiveCfg = Release|Any CPU
		{2D772779-DEE1-4271-969E-2C8CE3256393}.Release|Any CPU.Build.0 = Release|Any CPU
	EndGlobalSection
	GlobalSection(SolutionProperties) = preSolution
		HideSolutionNode = FALSE
	EndGlobalSection
	GlobalSection(ExtensibilityGlobals) = postSolution
		SolutionGuid = {A4D035F2-6E3F-47E3-95D6-4BC94F005352}
	EndGlobalSection
EndGlobal
